// !$*UTF8*$!
{
	archiveVersion = 1;
	classes = {
	};
	objectVersion = 51;
	objects = {

/* Begin PBXBuildFile section */
		9AC9960358AF079D29D4849E /* Pods_HotelBookingAssignment_W5.framework in Frameworks */ = {isa = PBXBuildFile; fileRef = 07C42189E30650B9171F6D14 /* Pods_HotelBookingAssignment_W5.framework */; };
		EF585A392324EDA600CBF515 /* ButtomSheetViewController.swift in Sources */ = {isa = PBXBuildFile; fileRef = EF585A382324EDA600CBF515 /* ButtomSheetViewController.swift */; };
		EFF50D3A23236FAD000A8228 /* AppDelegate.swift in Sources */ = {isa = PBXBuildFile; fileRef = EFF50D3923236FAD000A8228 /* AppDelegate.swift */; };
		EFF50D3C23236FAD000A8228 /* ViewController.swift in Sources */ = {isa = PBXBuildFile; fileRef = EFF50D3B23236FAD000A8228 /* ViewController.swift */; };
		EFF50D3F23236FAD000A8228 /* Main.storyboard in Resources */ = {isa = PBXBuildFile; fileRef = EFF50D3D23236FAD000A8228 /* Main.storyboard */; };
		EFF50D4123236FAE000A8228 /* Assets.xcassets in Resources */ = {isa = PBXBuildFile; fileRef = EFF50D4023236FAE000A8228 /* Assets.xcassets */; };
		EFF50D4423236FAE000A8228 /* LaunchScreen.storyboard in Resources */ = {isa = PBXBuildFile; fileRef = EFF50D4223236FAE000A8228 /* LaunchScreen.storyboard */; };
		EFF50D4C232388DA000A8228 /* HotelTableViewController.swift in Sources */ = {isa = PBXBuildFile; fileRef = EFF50D4B232388DA000A8228 /* HotelTableViewController.swift */; };
		EFF50D532323894B000A8228 /* HotelTableViewCell.swift in Sources */ = {isa = PBXBuildFile; fileRef = EFF50D512323894B000A8228 /* HotelTableViewCell.swift */; };
		EFF50D542323894B000A8228 /* HotelTableViewCell.xib in Resources */ = {isa = PBXBuildFile; fileRef = EFF50D522323894B000A8228 /* HotelTableViewCell.xib */; };
		EFF50D5723238DBA000A8228 /* HotelCollectionViewCell.swift in Sources */ = {isa = PBXBuildFile; fileRef = EFF50D5523238DBA000A8228 /* HotelCollectionViewCell.swift */; };
		EFF50D5823238DBA000A8228 /* HotelCollectionViewCell.xib in Resources */ = {isa = PBXBuildFile; fileRef = EFF50D5623238DBA000A8228 /* HotelCollectionViewCell.xib */; };
		EFF50D5B23238FFA000A8228 /* SectionCollectionReusableView.swift in Sources */ = {isa = PBXBuildFile; fileRef = EFF50D5923238FFA000A8228 /* SectionCollectionReusableView.swift */; };
		EFF50D5C23238FFA000A8228 /* SectionCollectionReusableView.xib in Resources */ = {isa = PBXBuildFile; fileRef = EFF50D5A23238FFA000A8228 /* SectionCollectionReusableView.xib */; };
		EFF50D5F23239034000A8228 /* OuterCollectionViewCell.swift in Sources */ = {isa = PBXBuildFile; fileRef = EFF50D5D23239034000A8228 /* OuterCollectionViewCell.swift */; };
		EFF50D6023239034000A8228 /* OuterCollectionViewCell.xib in Resources */ = {isa = PBXBuildFile; fileRef = EFF50D5E23239034000A8228 /* OuterCollectionViewCell.xib */; };
		EFF50D6223239A42000A8228 /* ExploreViewController.swift in Sources */ = {isa = PBXBuildFile; fileRef = EFF50D6123239A42000A8228 /* ExploreViewController.swift */; };
/* End PBXBuildFile section */

/* Begin PBXFileReference section */
		07C42189E30650B9171F6D14 /* Pods_HotelBookingAssignment_W5.framework */ = {isa = PBXFileReference; explicitFileType = wrapper.framework; includeInIndex = 0; path = Pods_HotelBookingAssignment_W5.framework; sourceTree = BUILT_PRODUCTS_DIR; };
		53B4DBED2B774EA54C920569 /* Pods-HotelBookingAssignment_W5.debug.xcconfig */ = {isa = PBXFileReference; includeInIndex = 1; lastKnownFileType = text.xcconfig; name = "Pods-HotelBookingAssignment_W5.debug.xcconfig"; path = "Target Support Files/Pods-HotelBookingAssignment_W5/Pods-HotelBookingAssignment_W5.debug.xcconfig"; sourceTree = "<group>"; };
		B1F2931E194174643BD2A36F /* Pods-HotelBookingAssignment_W5.release.xcconfig */ = {isa = PBXFileReference; includeInIndex = 1; lastKnownFileType = text.xcconfig; name = "Pods-HotelBookingAssignment_W5.release.xcconfig"; path = "Target Support Files/Pods-HotelBookingAssignment_W5/Pods-HotelBookingAssignment_W5.release.xcconfig"; sourceTree = "<group>"; };
		EF585A382324EDA600CBF515 /* ButtomSheetViewController.swift */ = {isa = PBXFileReference; lastKnownFileType = sourcecode.swift; path = ButtomSheetViewController.swift; sourceTree = "<group>"; };
		EFF50D3623236FAD000A8228 /* HotelBookingAssignment_W5.app */ = {isa = PBXFileReference; explicitFileType = wrapper.application; includeInIndex = 0; path = HotelBookingAssignment_W5.app; sourceTree = BUILT_PRODUCTS_DIR; };
		EFF50D3923236FAD000A8228 /* AppDelegate.swift */ = {isa = PBXFileReference; lastKnownFileType = sourcecode.swift; path = AppDelegate.swift; sourceTree = "<group>"; };
		EFF50D3B23236FAD000A8228 /* ViewController.swift */ = {isa = PBXFileReference; lastKnownFileType = sourcecode.swift; path = ViewController.swift; sourceTree = "<group>"; };
		EFF50D3E23236FAD000A8228 /* Base */ = {isa = PBXFileReference; lastKnownFileType = file.storyboard; name = Base; path = Base.lproj/Main.storyboard; sourceTree = "<group>"; };
		EFF50D4023236FAE000A8228 /* Assets.xcassets */ = {isa = PBXFileReference; lastKnownFileType = folder.assetcatalog; path = Assets.xcassets; sourceTree = "<group>"; };
		EFF50D4323236FAE000A8228 /* Base */ = {isa = PBXFileReference; lastKnownFileType = file.storyboard; name = Base; path = Base.lproj/LaunchScreen.storyboard; sourceTree = "<group>"; };
		EFF50D4523236FAE000A8228 /* Info.plist */ = {isa = PBXFileReference; lastKnownFileType = text.plist.xml; path = Info.plist; sourceTree = "<group>"; };
		EFF50D4B232388DA000A8228 /* HotelTableViewController.swift */ = {isa = PBXFileReference; lastKnownFileType = sourcecode.swift; path = HotelTableViewController.swift; sourceTree = "<group>"; };
		EFF50D512323894B000A8228 /* HotelTableViewCell.swift */ = {isa = PBXFileReference; lastKnownFileType = sourcecode.swift; path = HotelTableViewCell.swift; sourceTree = "<group>"; };
		EFF50D522323894B000A8228 /* HotelTableViewCell.xib */ = {isa = PBXFileReference; lastKnownFileType = file.xib; path = HotelTableViewCell.xib; sourceTree = "<group>"; };
		EFF50D5523238DBA000A8228 /* HotelCollectionViewCell.swift */ = {isa = PBXFileReference; lastKnownFileType = sourcecode.swift; path = HotelCollectionViewCell.swift; sourceTree = "<group>"; };
		EFF50D5623238DBA000A8228 /* HotelCollectionViewCell.xib */ = {isa = PBXFileReference; lastKnownFileType = file.xib; path = HotelCollectionViewCell.xib; sourceTree = "<group>"; };
		EFF50D5923238FFA000A8228 /* SectionCollectionReusableView.swift */ = {isa = PBXFileReference; lastKnownFileType = sourcecode.swift; path = SectionCollectionReusableView.swift; sourceTree = "<group>"; };
		EFF50D5A23238FFA000A8228 /* SectionCollectionReusableView.xib */ = {isa = PBXFileReference; lastKnownFileType = file.xib; path = SectionCollectionReusableView.xib; sourceTree = "<group>"; };
		EFF50D5D23239034000A8228 /* OuterCollectionViewCell.swift */ = {isa = PBXFileReference; lastKnownFileType = sourcecode.swift; path = OuterCollectionViewCell.swift; sourceTree = "<group>"; };
		EFF50D5E23239034000A8228 /* OuterCollectionViewCell.xib */ = {isa = PBXFileReference; lastKnownFileType = file.xib; path = OuterCollectionViewCell.xib; sourceTree = "<group>"; };
		EFF50D6123239A42000A8228 /* ExploreViewController.swift */ = {isa = PBXFileReference; lastKnownFileType = sourcecode.swift; path = ExploreViewController.swift; sourceTree = "<group>"; };
/* End PBXFileReference section */

/* Begin PBXFrameworksBuildPhase section */
		EFF50D3323236FAD000A8228 /* Frameworks */ = {
			isa = PBXFrameworksBuildPhase;
			buildActionMask = 2147483647;
			files = (
				9AC9960358AF079D29D4849E /* Pods_HotelBookingAssignment_W5.framework in Frameworks */,
			);
			runOnlyForDeploymentPostprocessing = 0;
		};
/* End PBXFrameworksBuildPhase section */

/* Begin PBXGroup section */
		D8B5802E06184030B1EE5614 /* Frameworks */ = {
			isa = PBXGroup;
			children = (
				07C42189E30650B9171F6D14 /* Pods_HotelBookingAssignment_W5.framework */,
			);
			name = Frameworks;
			sourceTree = "<group>";
		};
		EFF50D2D23236FAD000A8228 = {
			isa = PBXGroup;
			children = (
				EFF50D3823236FAD000A8228 /* HotelBookingAssignment_W5 */,
				EFF50D3723236FAD000A8228 /* Products */,
				F350320F5D82476F77695E73 /* Pods */,
				D8B5802E06184030B1EE5614 /* Frameworks */,
			);
			sourceTree = "<group>";
		};
		EFF50D3723236FAD000A8228 /* Products */ = {
			isa = PBXGroup;
			children = (
				EFF50D3623236FAD000A8228 /* HotelBookingAssignment_W5.app */,
			);
			name = Products;
			sourceTree = "<group>";
		};
		EFF50D3823236FAD000A8228 /* HotelBookingAssignment_W5 */ = {
			isa = PBXGroup;
			children = (
				EFF50D4E23238911000A8228 /* Cells */,
				EFF50D4D232388DF000A8228 /* ViewControllers */,
				EFF50D3923236FAD000A8228 /* AppDelegate.swift */,
				EFF50D3D23236FAD000A8228 /* Main.storyboard */,
				EFF50D4023236FAE000A8228 /* Assets.xcassets */,
				EFF50D4223236FAE000A8228 /* LaunchScreen.storyboard */,
				EFF50D4523236FAE000A8228 /* Info.plist */,
			);
			path = HotelBookingAssignment_W5;
			sourceTree = "<group>";
		};
		EFF50D4D232388DF000A8228 /* ViewControllers */ = {
			isa = PBXGroup;
			children = (
				EFF50D3B23236FAD000A8228 /* ViewController.swift */,
				EFF50D4B232388DA000A8228 /* HotelTableViewController.swift */,
				EFF50D6123239A42000A8228 /* ExploreViewController.swift */,
				EF585A382324EDA600CBF515 /* ButtomSheetViewController.swift */,
			);
			path = ViewControllers;
			sourceTree = "<group>";
		};
		EFF50D4E23238911000A8228 /* Cells */ = {
			isa = PBXGroup;
			children = (
				EFF50D5023238921000A8228 /* swifts */,
				EFF50D4F2323891A000A8228 /* xibs */,
			);
			path = Cells;
			sourceTree = "<group>";
		};
		EFF50D4F2323891A000A8228 /* xibs */ = {
			isa = PBXGroup;
			children = (
				EFF50D522323894B000A8228 /* HotelTableViewCell.xib */,
				EFF50D5623238DBA000A8228 /* HotelCollectionViewCell.xib */,
				EFF50D5A23238FFA000A8228 /* SectionCollectionReusableView.xib */,
				EFF50D5E23239034000A8228 /* OuterCollectionViewCell.xib */,
			);
			path = xibs;
			sourceTree = "<group>";
		};
		EFF50D5023238921000A8228 /* swifts */ = {
			isa = PBXGroup;
			children = (
				EFF50D512323894B000A8228 /* HotelTableViewCell.swift */,
				EFF50D5523238DBA000A8228 /* HotelCollectionViewCell.swift */,
				EFF50D5923238FFA000A8228 /* SectionCollectionReusableView.swift */,
				EFF50D5D23239034000A8228 /* OuterCollectionViewCell.swift */,
			);
			path = swifts;
			sourceTree = "<group>";
		};
		F350320F5D82476F77695E73 /* Pods */ = {
			isa = PBXGroup;
			children = (
				53B4DBED2B774EA54C920569 /* Pods-HotelBookingAssignment_W5.debug.xcconfig */,
				B1F2931E194174643BD2A36F /* Pods-HotelBookingAssignment_W5.release.xcconfig */,
			);
			path = Pods;
			sourceTree = "<group>";
		};
/* End PBXGroup section */

/* Begin PBXNativeTarget section */
		EFF50D3523236FAD000A8228 /* HotelBookingAssignment_W5 */ = {
			isa = PBXNativeTarget;
			buildConfigurationList = EFF50D4823236FAE000A8228 /* Build configuration list for PBXNativeTarget "HotelBookingAssignment_W5" */;
			buildPhases = (
				1FED98968BFA9711253E5A93 /* [CP] Check Pods Manifest.lock */,
				EFF50D3223236FAD000A8228 /* Sources */,
				EFF50D3323236FAD000A8228 /* Frameworks */,
				EFF50D3423236FAD000A8228 /* Resources */,
				B4EFE35B683A63E990E1E9A5 /* [CP] Embed Pods Frameworks */,
			);
			buildRules = (
			);
			dependencies = (
			);
			name = HotelBookingAssignment_W5;
			productName = HotelBookingAssignment_W5;
			productReference = EFF50D3623236FAD000A8228 /* HotelBookingAssignment_W5.app */;
			productType = "com.apple.product-type.application";
		};
/* End PBXNativeTarget section */

/* Begin PBXProject section */
		EFF50D2E23236FAD000A8228 /* Project object */ = {
			isa = PBXProject;
			attributes = {
				LastSwiftUpdateCheck = 1020;
				LastUpgradeCheck = 1020;
				ORGANIZATIONNAME = phonelin;
				TargetAttributes = {
					EFF50D3523236FAD000A8228 = {
						CreatedOnToolsVersion = 10.2.1;
					};
				};
			};
			buildConfigurationList = EFF50D3123236FAD000A8228 /* Build configuration list for PBXProject "HotelBookingAssignment_W5" */;
			compatibilityVersion = "Xcode 9.3";
			developmentRegion = en;
			hasScannedForEncodings = 0;
			knownRegions = (
				en,
				Base,
			);
			mainGroup = EFF50D2D23236FAD000A8228;
			productRefGroup = EFF50D3723236FAD000A8228 /* Products */;
			projectDirPath = "";
			projectRoot = "";
			targets = (
				EFF50D3523236FAD000A8228 /* HotelBookingAssignment_W5 */,
			);
		};
/* End PBXProject section */

/* Begin PBXResourcesBuildPhase section */
		EFF50D3423236FAD000A8228 /* Resources */ = {
			isa = PBXResourcesBuildPhase;
			buildActionMask = 2147483647;
			files = (
				EFF50D5823238DBA000A8228 /* HotelCollectionViewCell.xib in Resources */,
				EFF50D4423236FAE000A8228 /* LaunchScreen.storyboard in Resources */,
				EFF50D4123236FAE000A8228 /* Assets.xcassets in Resources */,
				EFF50D6023239034000A8228 /* OuterCollectionViewCell.xib in Resources */,
				EFF50D542323894B000A8228 /* HotelTableViewCell.xib in Resources */,
				EFF50D3F23236FAD000A8228 /* Main.storyboard in Resources */,
				EFF50D5C23238FFA000A8228 /* SectionCollectionReusableView.xib in Resources */,
			);
			runOnlyForDeploymentPostprocessing = 0;
		};
/* End PBXResourcesBuildPhase section */

/* Begin PBXShellScriptBuildPhase section */
		1FED98968BFA9711253E5A93 /* [CP] Check Pods Manifest.lock */ = {
			isa = PBXShellScriptBuildPhase;
			buildActionMask = 2147483647;
			files = (
			);
			inputFileListPaths = (
			);
			inputPaths = (
				"${PODS_PODFILE_DIR_PATH}/Podfile.lock",
				"${PODS_ROOT}/Manifest.lock",
			);
			name = "[CP] Check Pods Manifest.lock";
			outputFileListPaths = (
			);
			outputPaths = (
				"$(DERIVED_FILE_DIR)/Pods-HotelBookingAssignment_W5-checkManifestLockResult.txt",
			);
			runOnlyForDeploymentPostprocessing = 0;
			shellPath = /bin/sh;
			shellScript = "diff \"${PODS_PODFILE_DIR_PATH}/Podfile.lock\" \"${PODS_ROOT}/Manifest.lock\" > /dev/null\nif [ $? != 0 ] ; then\n    # print error to STDERR\n    echo \"error: The sandbox is not in sync with the Podfile.lock. Run 'pod install' or update your CocoaPods installation.\" >&2\n    exit 1\nfi\n# This output is used by Xcode 'outputs' to avoid re-running this script phase.\necho \"SUCCESS\" > \"${SCRIPT_OUTPUT_FILE_0}\"\n";
			showEnvVarsInLog = 0;
		};
		B4EFE35B683A63E990E1E9A5 /* [CP] Embed Pods Frameworks */ = {
			isa = PBXShellScriptBuildPhase;
			buildActionMask = 2147483647;
			files = (
			);
			inputFileListPaths = (
				"${PODS_ROOT}/Target Support Files/Pods-HotelBookingAssignment_W5/Pods-HotelBookingAssignment_W5-frameworks-${CONFIGURATION}-input-files.xcfilelist",
			);
			name = "[CP] Embed Pods Frameworks";
			outputFileListPaths = (
				"${PODS_ROOT}/Target Support Files/Pods-HotelBookingAssignment_W5/Pods-HotelBookingAssignment_W5-frameworks-${CONFIGURATION}-output-files.xcfilelist",
			);
			runOnlyForDeploymentPostprocessing = 0;
			shellPath = /bin/sh;
			shellScript = "\"${PODS_ROOT}/Target Support Files/Pods-HotelBookingAssignment_W5/Pods-HotelBookingAssignment_W5-frameworks.sh\"\n";
			showEnvVarsInLog = 0;
		};
/* End PBXShellScriptBuildPhase section */

/* Begin PBXSourcesBuildPhase section */
		EFF50D3223236FAD000A8228 /* Sources */ = {
			isa = PBXSourcesBuildPhase;
			buildActionMask = 2147483647;
			files = (
				EFF50D3C23236FAD000A8228 /* ViewController.swift in Sources */,
				EFF50D5B23238FFA000A8228 /* SectionCollectionReusableView.swift in Sources */,
				EFF50D5723238DBA000A8228 /* HotelCollectionViewCell.swift in Sources */,
				EFF50D4C232388DA000A8228 /* HotelTableViewController.swift in Sources */,
				EFF50D6223239A42000A8228 /* ExploreViewController.swift in Sources */,
				EF585A392324EDA600CBF515 /* ButtomSheetViewController.swift in Sources */,
				EFF50D532323894B000A8228 /* HotelTableViewCell.swift in Sources */,
				EFF50D5F23239034000A8228 /* OuterCollectionViewCell.swift in Sources */,
				EFF50D3A23236FAD000A8228 /* AppDelegate.swift in Sources */,
			);
			runOnlyForDeploymentPostprocessing = 0;
		};
/* End PBXSourcesBuildPhase section */

/* Begin PBXVariantGroup section */
		EFF50D3D23236FAD000A8228 /* Main.storyboard */ = {
			isa = PBXVariantGroup;
			children = (
				EFF50D3E23236FAD000A8228 /* Base */,
			);
			name = Main.storyboard;
			sourceTree = "<group>";
		};
		EFF50D4223236FAE000A8228 /* LaunchScreen.storyboard */ = {
			isa = PBXVariantGroup;
			children = (
				EFF50D4323236FAE000A8228 /* Base */,
			);
			name = LaunchScreen.storyboard;
			sourceTree = "<group>";
		};
/* End PBXVariantGroup section */

/* Begin XCBuildConfiguration section */
		EFF50D4623236FAE000A8228 /* Debug */ = {
			isa = XCBuildConfiguration;
			buildSettings = {
				ALWAYS_SEARCH_USER_PATHS = NO;
				CLANG_ANALYZER_NONNULL = YES;
				CLANG_ANALYZER_NUMBER_OBJECT_CONVERSION = YES_AGGRESSIVE;
				CLANG_CXX_LANGUAGE_STANDARD = "gnu++14";
				CLANG_CXX_LIBRARY = "libc++";
				CLANG_ENABLE_MODULES = YES;
				CLANG_ENABLE_OBJC_ARC = YES;
				CLANG_ENABLE_OBJC_WEAK = YES;
				CLANG_WARN_BLOCK_CAPTURE_AUTORELEASING = YES;
				CLANG_WARN_BOOL_CONVERSION = YES;
				CLANG_WARN_COMMA = YES;
				CLANG_WARN_CONSTANT_CONVERSION = YES;
				CLANG_WARN_DEPRECATED_OBJC_IMPLEMENTATIONS = YES;
				CLANG_WARN_DIRECT_OBJC_ISA_USAGE = YES_ERROR;
				CLANG_WARN_DOCUMENTATION_COMMENTS = YES;
				CLANG_WARN_EMPTY_BODY = YES;
				CLANG_WARN_ENUM_CONVERSION = YES;
				CLANG_WARN_INFINITE_RECURSION = YES;
				CLANG_WARN_INT_CONVERSION = YES;
				CLANG_WARN_NON_LITERAL_NULL_CONVERSION = YES;
				CLANG_WARN_OBJC_IMPLICIT_RETAIN_SELF = YES;
				CLANG_WARN_OBJC_LITERAL_CONVERSION = YES;
				CLANG_WARN_OBJC_ROOT_CLASS = YES_ERROR;
				CLANG_WARN_RANGE_LOOP_ANALYSIS = YES;
				CLANG_WARN_STRICT_PROTOTYPES = YES;
				CLANG_WARN_SUSPICIOUS_MOVE = YES;
				CLANG_WARN_UNGUARDED_AVAILABILITY = YES_AGGRESSIVE;
				CLANG_WARN_UNREACHABLE_CODE = YES;
				CLANG_WARN__DUPLICATE_METHOD_MATCH = YES;
				CODE_SIGN_IDENTITY = "iPhone Developer";
				COPY_PHASE_STRIP = NO;
				DEBUG_INFORMATION_FORMAT = dwarf;
				ENABLE_STRICT_OBJC_MSGSEND = YES;
				ENABLE_TESTABILITY = YES;
				GCC_C_LANGUAGE_STANDARD = gnu11;
				GCC_DYNAMIC_NO_PIC = NO;
				GCC_NO_COMMON_BLOCKS = YES;
				GCC_OPTIMIZATION_LEVEL = 0;
				GCC_PREPROCESSOR_DEFINITIONS = (
					"DEBUG=1",
					"$(inherited)",
				);
				GCC_WARN_64_TO_32_BIT_CONVERSION = YES;
				GCC_WARN_ABOUT_RETURN_TYPE = YES_ERROR;
				GCC_WARN_UNDECLARED_SELECTOR = YES;
				GCC_WARN_UNINITIALIZED_AUTOS = YES_AGGRESSIVE;
				GCC_WARN_UNUSED_FUNCTION = YES;
				GCC_WARN_UNUSED_VARIABLE = YES;
				IPHONEOS_DEPLOYMENT_TARGET = 12.2;
				MTL_ENABLE_DEBUG_INFO = INCLUDE_SOURCE;
				MTL_FAST_MATH = YES;
				ONLY_ACTIVE_ARCH = YES;
				SDKROOT = iphoneos;
				SWIFT_ACTIVE_COMPILATION_CONDITIONS = DEBUG;
				SWIFT_OPTIMIZATION_LEVEL = "-Onone";
			};
			name = Debug;
		};
		EFF50D4723236FAE000A8228 /* Release */ = {
			isa = XCBuildConfiguration;
			buildSettings = {
				ALWAYS_SEARCH_USER_PATHS = NO;
				CLANG_ANALYZER_NONNULL = YES;
				CLANG_ANALYZER_NUMBER_OBJECT_CONVERSION = YES_AGGRESSIVE;
				CLANG_CXX_LANGUAGE_STANDARD = "gnu++14";
				CLANG_CXX_LIBRARY = "libc++";
				CLANG_ENABLE_MODULES = YES;
				CLANG_ENABLE_OBJC_ARC = YES;
				CLANG_ENABLE_OBJC_WEAK = YES;
				CLANG_WARN_BLOCK_CAPTURE_AUTORELEASING = YES;
				CLANG_WARN_BOOL_CONVERSION = YES;
				CLANG_WARN_COMMA = YES;
				CLANG_WARN_CONSTANT_CONVERSION = YES;
				CLANG_WARN_DEPRECATED_OBJC_IMPLEMENTATIONS = YES;
				CLANG_WARN_DIRECT_OBJC_ISA_USAGE = YES_ERROR;
				CLANG_WARN_DOCUMENTATION_COMMENTS = YES;
				CLANG_WARN_EMPTY_BODY = YES;
				CLANG_WARN_ENUM_CONVERSION = YES;
				CLANG_WARN_INFINITE_RECURSION = YES;
				CLANG_WARN_INT_CONVERSION = YES;
				CLANG_WARN_NON_LITERAL_NULL_CONVERSION = YES;
				CLANG_WARN_OBJC_IMPLICIT_RETAIN_SELF = YES;
				CLANG_WARN_OBJC_LITERAL_CONVERSION = YES;
				CLANG_WARN_OBJC_ROOT_CLASS = YES_ERROR;
				CLANG_WARN_RANGE_LOOP_ANALYSIS = YES;
				CLANG_WARN_STRICT_PROTOTYPES = YES;
				CLANG_WARN_SUSPICIOUS_MOVE = YES;
				CLANG_WARN_UNGUARDED_AVAILABILITY = YES_AGGRESSIVE;
				CLANG_WARN_UNREACHABLE_CODE = YES;
				CLANG_WARN__DUPLICATE_METHOD_MATCH = YES;
				CODE_SIGN_IDENTITY = "iPhone Developer";
				COPY_PHASE_STRIP = NO;
				DEBUG_INFORMATION_FORMAT = "dwarf-with-dsym";
				ENABLE_NS_ASSERTIONS = NO;
				ENABLE_STRICT_OBJC_MSGSEND = YES;
				GCC_C_LANGUAGE_STANDARD = gnu11;
				GCC_NO_COMMON_BLOCKS = YES;
				GCC_WARN_64_TO_32_BIT_CONVERSION = YES;
				GCC_WARN_ABOUT_RETURN_TYPE = YES_ERROR;
				GCC_WARN_UNDECLARED_SELECTOR = YES;
				GCC_WARN_UNINITIALIZED_AUTOS = YES_AGGRESSIVE;
				GCC_WARN_UNUSED_FUNCTION = YES;
				GCC_WARN_UNUSED_VARIABLE = YES;
				IPHONEOS_DEPLOYMENT_TARGET = 12.2;
				MTL_ENABLE_DEBUG_INFO = NO;
				MTL_FAST_MATH = YES;
				SDKROOT = iphoneos;
				SWIFT_COMPILATION_MODE = wholemodule;
				SWIFT_OPTIMIZATION_LEVEL = "-O";
				VALIDATE_PRODUCT = YES;
			};
			name = Release;
		};
		EFF50D4923236FAE000A8228 /* Debug */ = {
			isa = XCBuildConfiguration;
			baseConfigurationReference = 53B4DBED2B774EA54C920569 /* Pods-HotelBookingAssignment_W5.debug.xcconfig */;
			buildSettings = {
				ASSETCATALOG_COMPILER_APPICON_NAME = AppIcon;
				CODE_SIGN_STYLE = Automatic;
				DEVELOPMENT_TEAM = 74DHRH39RX;
				INFOPLIST_FILE = HotelBookingAssignment_W5/Info.plist;
				LD_RUNPATH_SEARCH_PATHS = (
					"$(inherited)",
					"@executable_path/Frameworks",
				);
				PRODUCT_BUNDLE_IDENTIFIER = "phonelin.HotelBookingAssignment-W5";
				PRODUCT_NAME = "$(TARGET_NAME)";
				SWIFT_VERSION = 5.0;
				TARGETED_DEVICE_FAMILY = "1,2";
			};
			name = Debug;
		};
		EFF50D4A23236FAE000A8228 /* Release */ = {
			isa = XCBuildConfiguration;
			baseConfigurationReference = B1F2931E194174643BD2A36F /* Pods-HotelBookingAssignment_W5.release.xcconfig */;
			buildSettings = {
				ASSETCATALOG_COMPILER_APPICON_NAME = AppIcon;
				CODE_SIGN_STYLE = Automatic;
				DEVELOPMENT_TEAM = 74DHRH39RX;
				INFOPLIST_FILE = HotelBookingAssignment_W5/Info.plist;
				LD_RUNPATH_SEARCH_PATHS = (
					"$(inherited)",
					"@executable_path/Frameworks",
				);
				PRODUCT_BUNDLE_IDENTIFIER = "phonelin.HotelBookingAssignment-W5";
				PRODUCT_NAME = "$(TARGET_NAME)";
				SWIFT_VERSION = 5.0;
				TARGETED_DEVICE_FAMILY = "1,2";
			};
			name = Release;
		};
/* End XCBuildConfiguration section */

/* Begin XCConfigurationList section */
		EFF50D3123236FAD000A8228 /* Build configuration list for PBXProject "HotelBookingAssignment_W5" */ = {
			isa = XCConfigurationList;
			buildConfigurations = (
				EFF50D4623236FAE000A8228 /* Debug */,
				EFF50D4723236FAE000A8228 /* Release */,
			);
			defaultConfigurationIsVisible = 0;
			defaultConfigurationName = Release;
		};
		EFF50D4823236FAE000A8228 /* Build configuration list for PBXNativeTarget "HotelBookingAssignment_W5" */ = {
			isa = XCConfigurationList;
			buildConfigurations = (
				EFF50D4923236FAE000A8228 /* Debug */,
				EFF50D4A23236FAE000A8228 /* Release */,
			);
			defaultConfigurationIsVisible = 0;
			defaultConfigurationName = Release;
		};
/* End XCConfigurationList section */
	};
	rootObject = EFF50D2E23236FAD000A8228 /* Project object */;
}
